combine:
  cmd: python src/combine.py
  deps:
  - path: data/raw/data.tar.gz
    md5: 7c2ac02c03563afcf9b574c7e56c153a
  - path: src/combine.py
    md5: 123f58a2fa9138494d91d61920776155
  params:
    params.yaml:
      combine.label-mapping:
        pos: 1
        neg: 0
      common.all-data-path: data/intermediate/data.jsonl
      common.download-path: data/raw/data.tar.gz
  outs:
  - path: data/intermediate/data.jsonl
    md5: 20e701f351e9dc573fc209517418165e
prepare:
  cmd: python src/prepare.py
  deps:
  - path: data/intermediate/data.jsonl
    md5: 20e701f351e9dc573fc209517418165e
  - path: src/CNN.py
    md5: 7b2a041bfaba26e58803c14069553150
  - path: src/prepare.py
    md5: 4c7c45f49c76c8ca3b4a5104c345fb3d
  params:
    params.yaml:
      common.indices-path: models/indices.pickle
      common.test-path: data/processed/test.npz
      common.train-path: data/processed/train.npz
      prepare.data-path: data/intermediate/data.jsonl
      prepare.test-prop: 0.3
  outs:
  - path: data/processed/test.npz
    md5: f2e2239bdf3f59036bef37c5b9b34d4b
  - path: data/processed/train.npz
    md5: 7ebc17818fcbdadfcfb0532446f78c85
  - path: models/indices.pickle
    md5: 87af266a4d50c84540bbd31209fb29cc
train:
  cmd: python src/train.py
  deps:
  - path: data/processed/test.npz
    md5: f2e2239bdf3f59036bef37c5b9b34d4b
  - path: data/processed/train.npz
    md5: 7ebc17818fcbdadfcfb0532446f78c85
  - path: models/indices.pickle
    md5: 87af266a4d50c84540bbd31209fb29cc
  - path: src/CNN.py
    md5: 7b2a041bfaba26e58803c14069553150
  - path: src/local_run.py
    md5: 92692e6e4c4b0d48518e97accdb48b8e
  - path: src/train.py
    md5: d76322739f89bde4cb92c1a8065edcc1
  params:
    params.yaml:
      common.indices-path: models/indices.pickle
      common.test-path: data/processed/test.npz
      common.train-path: data/processed/train.npz
      train.batch-size: 1024
      train.checkpoint: true
      train.checkpoint-path: models
      train.embedding-dim: 50
      train.embedding-path: data/raw/glove.6B.50d.txt
      train.epochs: 2
      train.learning-rate: 0.01
      train.lowercase: true
      train.model-output-path: models
      train.num-words: 10000
      train.oov-token: <OOV>
      train.output-path: models
      train.padding-style: pre
      train.seq-length: 1000
      train.trunc-style: pre
  outs:
  - path: models/assets
    md5: d751713988987e9331980363e24189ce.dir
  - path: models/saved_model.pb
    md5: 91b859acd3e24c29c546db34a5d1534a
  - path: models/variables
    md5: 49f3a2be11f533f8e509fba361e64e28.dir
download:
  cmd: python src/download.py
  deps:
  - path: src/download.py
    md5: 20add3d649bf80b1d933c0ee547e8ee4
  params:
    params.yaml:
      common.download-path: data/raw/data.tar.gz
      download.data-url: http://ai.stanford.edu/~amaas/data/sentiment/aclImdb_v1.tar.gz
  outs:
  - path: data/raw/data.tar.gz
    md5: 7c2ac02c03563afcf9b574c7e56c153a
